// !$*UTF8*$!
{
	archiveVersion = 1;
	classes = {
	};
	objectVersion = 56;
	objects = {

/* Begin PBXBuildFile section */
		96E041832C04CB66002F42EF /* TestESApp.swift in Sources */ = {isa = PBXBuildFile; fileRef = 96E041822C04CB66002F42EF /* TestESApp.swift */; };
		96E041852C04CB66002F42EF /* ContentView.swift in Sources */ = {isa = PBXBuildFile; fileRef = 96E041842C04CB66002F42EF /* ContentView.swift */; };
		96E041872C04CB67002F42EF /* Assets.xcassets in Resources */ = {isa = PBXBuildFile; fileRef = 96E041862C04CB67002F42EF /* Assets.xcassets */; };
		96E0418A2C04CB67002F42EF /* Preview Assets.xcassets in Resources */ = {isa = PBXBuildFile; fileRef = 96E041892C04CB67002F42EF /* Preview Assets.xcassets */; };
		96E041982C04CC4C002F42EF /* libEndpointSecurity.tbd in Frameworks */ = {isa = PBXBuildFile; fileRef = 96E041972C04CC4C002F42EF /* libEndpointSecurity.tbd */; };
		96E0419B2C04CC4C002F42EF /* main.swift in Sources */ = {isa = PBXBuildFile; fileRef = 96E0419A2C04CC4C002F42EF /* main.swift */; };
		96E041A02C04CC4C002F42EF /* com.tonygo.TestES.Extension.systemextension in Embed System Extensions */ = {isa = PBXBuildFile; fileRef = 96E041952C04CC4C002F42EF /* com.tonygo.TestES.Extension.systemextension */; settings = {ATTRIBUTES = (RemoveHeadersOnCopy, ); }; };
		96E041A62C062B6E002F42EF /* IPC.swift in Sources */ = {isa = PBXBuildFile; fileRef = 96E041A52C062B6E002F42EF /* IPC.swift */; };
		96E041A82C0632A6002F42EF /* IPCClient.swift in Sources */ = {isa = PBXBuildFile; fileRef = 96E041A72C0632A6002F42EF /* IPCClient.swift */; };
		96E041AC2C06361C002F42EF /* Logger.swift in Sources */ = {isa = PBXBuildFile; fileRef = 96E041AB2C06361C002F42EF /* Logger.swift */; };
		96E041AD2C06361C002F42EF /* Logger.swift in Sources */ = {isa = PBXBuildFile; fileRef = 96E041AB2C06361C002F42EF /* Logger.swift */; };
		96E041AF2C064034002F42EF /* IPCServiceProtocol.swift in Sources */ = {isa = PBXBuildFile; fileRef = 96E041AE2C064034002F42EF /* IPCServiceProtocol.swift */; };
		96E041B02C064034002F42EF /* IPCServiceProtocol.swift in Sources */ = {isa = PBXBuildFile; fileRef = 96E041AE2C064034002F42EF /* IPCServiceProtocol.swift */; };
		96E041B42C09CA1A002F42EF /* Info.plist in Resources */ = {isa = PBXBuildFile; fileRef = 96E0419C2C04CC4C002F42EF /* Info.plist */; };
/* End PBXBuildFile section */

/* Begin PBXContainerItemProxy section */
		96E0419E2C04CC4C002F42EF /* PBXContainerItemProxy */ = {
			isa = PBXContainerItemProxy;
			containerPortal = 96E041772C04CB66002F42EF /* Project object */;
			proxyType = 1;
			remoteGlobalIDString = 96E041942C04CC4C002F42EF;
			remoteInfo = Extension;
		};
/* End PBXContainerItemProxy section */

/* Begin PBXCopyFilesBuildPhase section */
		96E041A42C04CC4C002F42EF /* Embed System Extensions */ = {
			isa = PBXCopyFilesBuildPhase;
			buildActionMask = 2147483647;
			dstPath = "$(SYSTEM_EXTENSIONS_FOLDER_PATH)";
			dstSubfolderSpec = 16;
			files = (
				96E041A02C04CC4C002F42EF /* com.tonygo.TestES.Extension.systemextension in Embed System Extensions */,
			);
			name = "Embed System Extensions";
			runOnlyForDeploymentPostprocessing = 0;
		};
/* End PBXCopyFilesBuildPhase section */

/* Begin PBXFileReference section */
		96E0417F2C04CB66002F42EF /* TestES.app */ = {isa = PBXFileReference; explicitFileType = wrapper.application; includeInIndex = 0; path = TestES.app; sourceTree = BUILT_PRODUCTS_DIR; };
		96E041822C04CB66002F42EF /* TestESApp.swift */ = {isa = PBXFileReference; lastKnownFileType = sourcecode.swift; path = TestESApp.swift; sourceTree = "<group>"; };
		96E041842C04CB66002F42EF /* ContentView.swift */ = {isa = PBXFileReference; lastKnownFileType = sourcecode.swift; path = ContentView.swift; sourceTree = "<group>"; };
		96E041862C04CB67002F42EF /* Assets.xcassets */ = {isa = PBXFileReference; lastKnownFileType = folder.assetcatalog; path = Assets.xcassets; sourceTree = "<group>"; };
		96E041892C04CB67002F42EF /* Preview Assets.xcassets */ = {isa = PBXFileReference; lastKnownFileType = folder.assetcatalog; path = "Preview Assets.xcassets"; sourceTree = "<group>"; };
		96E0418B2C04CB67002F42EF /* TestES.entitlements */ = {isa = PBXFileReference; lastKnownFileType = text.plist.entitlements; path = TestES.entitlements; sourceTree = "<group>"; };
		96E041952C04CC4C002F42EF /* com.tonygo.TestES.Extension.systemextension */ = {isa = PBXFileReference; explicitFileType = "wrapper.system-extension"; includeInIndex = 0; path = com.tonygo.TestES.Extension.systemextension; sourceTree = BUILT_PRODUCTS_DIR; };
		96E041972C04CC4C002F42EF /* libEndpointSecurity.tbd */ = {isa = PBXFileReference; lastKnownFileType = "sourcecode.text-based-dylib-definition"; name = libEndpointSecurity.tbd; path = usr/lib/libEndpointSecurity.tbd; sourceTree = SDKROOT; };
		96E0419A2C04CC4C002F42EF /* main.swift */ = {isa = PBXFileReference; lastKnownFileType = sourcecode.swift; path = main.swift; sourceTree = "<group>"; };
		96E0419C2C04CC4C002F42EF /* Info.plist */ = {isa = PBXFileReference; lastKnownFileType = text.plist.xml; path = Info.plist; sourceTree = "<group>"; };
		96E0419D2C04CC4C002F42EF /* Extension.entitlements */ = {isa = PBXFileReference; lastKnownFileType = text.plist.entitlements; path = Extension.entitlements; sourceTree = "<group>"; };
		96E041A52C062B6E002F42EF /* IPC.swift */ = {isa = PBXFileReference; lastKnownFileType = sourcecode.swift; path = IPC.swift; sourceTree = "<group>"; };
		96E041A72C0632A6002F42EF /* IPCClient.swift */ = {isa = PBXFileReference; lastKnownFileType = sourcecode.swift; path = IPCClient.swift; sourceTree = "<group>"; };
		96E041AB2C06361C002F42EF /* Logger.swift */ = {isa = PBXFileReference; lastKnownFileType = sourcecode.swift; path = Logger.swift; sourceTree = "<group>"; };
		96E041AE2C064034002F42EF /* IPCServiceProtocol.swift */ = {isa = PBXFileReference; lastKnownFileType = sourcecode.swift; path = IPCServiceProtocol.swift; sourceTree = "<group>"; };
/* End PBXFileReference section */

/* Begin PBXFrameworksBuildPhase section */
		96E0417C2C04CB66002F42EF /* Frameworks */ = {
			isa = PBXFrameworksBuildPhase;
			buildActionMask = 2147483647;
			files = (
			);
			runOnlyForDeploymentPostprocessing = 0;
		};
		96E041922C04CC4C002F42EF /* Frameworks */ = {
			isa = PBXFrameworksBuildPhase;
			buildActionMask = 2147483647;
			files = (
				96E041982C04CC4C002F42EF /* libEndpointSecurity.tbd in Frameworks */,
			);
			runOnlyForDeploymentPostprocessing = 0;
		};
/* End PBXFrameworksBuildPhase section */

/* Begin PBXGroup section */
		96E041762C04CB66002F42EF = {
			isa = PBXGroup;
			children = (
				96E041AA2C06360E002F42EF /* Shared */,
				96E041812C04CB66002F42EF /* TestES */,
				96E041992C04CC4C002F42EF /* Extension */,
				96E041962C04CC4C002F42EF /* Frameworks */,
				96E041802C04CB66002F42EF /* Products */,
			);
			sourceTree = "<group>";
		};
		96E041802C04CB66002F42EF /* Products */ = {
			isa = PBXGroup;
			children = (
				96E0417F2C04CB66002F42EF /* TestES.app */,
				96E041952C04CC4C002F42EF /* com.tonygo.TestES.Extension.systemextension */,
			);
			name = Products;
			sourceTree = "<group>";
		};
		96E041812C04CB66002F42EF /* TestES */ = {
			isa = PBXGroup;
			children = (
				96E041822C04CB66002F42EF /* TestESApp.swift */,
				96E041842C04CB66002F42EF /* ContentView.swift */,
				96E041862C04CB67002F42EF /* Assets.xcassets */,
				96E0418B2C04CB67002F42EF /* TestES.entitlements */,
				96E041882C04CB67002F42EF /* Preview Content */,
				96E041A72C0632A6002F42EF /* IPCClient.swift */,
			);
			path = TestES;
			sourceTree = "<group>";
		};
		96E041882C04CB67002F42EF /* Preview Content */ = {
			isa = PBXGroup;
			children = (
				96E041892C04CB67002F42EF /* Preview Assets.xcassets */,
			);
			path = "Preview Content";
			sourceTree = "<group>";
		};
		96E041962C04CC4C002F42EF /* Frameworks */ = {
			isa = PBXGroup;
			children = (
				96E041972C04CC4C002F42EF /* libEndpointSecurity.tbd */,
			);
			name = Frameworks;
			sourceTree = "<group>";
		};
		96E041992C04CC4C002F42EF /* Extension */ = {
			isa = PBXGroup;
			children = (
				96E0419A2C04CC4C002F42EF /* main.swift */,
				96E0419C2C04CC4C002F42EF /* Info.plist */,
				96E0419D2C04CC4C002F42EF /* Extension.entitlements */,
				96E041A52C062B6E002F42EF /* IPC.swift */,
			);
			path = Extension;
			sourceTree = "<group>";
		};
		96E041AA2C06360E002F42EF /* Shared */ = {
			isa = PBXGroup;
			children = (
				96E041AB2C06361C002F42EF /* Logger.swift */,
				96E041AE2C064034002F42EF /* IPCServiceProtocol.swift */,
			);
			path = Shared;
			sourceTree = "<group>";
		};
/* End PBXGroup section */

/* Begin PBXNativeTarget section */
		96E0417E2C04CB66002F42EF /* TestES */ = {
			isa = PBXNativeTarget;
			buildConfigurationList = 96E0418E2C04CB67002F42EF /* Build configuration list for PBXNativeTarget "TestES" */;
			buildPhases = (
				96E0417B2C04CB66002F42EF /* Sources */,
				96E0417C2C04CB66002F42EF /* Frameworks */,
				96E0417D2C04CB66002F42EF /* Resources */,
				96E041A42C04CC4C002F42EF /* Embed System Extensions */,
			);
			buildRules = (
			);
			dependencies = (
				96E0419F2C04CC4C002F42EF /* PBXTargetDependency */,
			);
			name = TestES;
			productName = TestES;
			productReference = 96E0417F2C04CB66002F42EF /* TestES.app */;
			productType = "com.apple.product-type.application";
		};
		96E041942C04CC4C002F42EF /* Extension */ = {
			isa = PBXNativeTarget;
			buildConfigurationList = 96E041A12C04CC4C002F42EF /* Build configuration list for PBXNativeTarget "Extension" */;
			buildPhases = (
				96E041912C04CC4C002F42EF /* Sources */,
				96E041922C04CC4C002F42EF /* Frameworks */,
				96E041932C04CC4C002F42EF /* Resources */,
			);
			buildRules = (
			);
			dependencies = (
			);
			name = Extension;
			productName = Extension;
			productReference = 96E041952C04CC4C002F42EF /* com.tonygo.TestES.Extension.systemextension */;
			productType = "com.apple.product-type.system-extension";
		};
/* End PBXNativeTarget section */

/* Begin PBXProject section */
		96E041772C04CB66002F42EF /* Project object */ = {
			isa = PBXProject;
			attributes = {
				BuildIndependentTargetsInParallel = 1;
				LastSwiftUpdateCheck = 1520;
				LastUpgradeCheck = 1520;
				TargetAttributes = {
					96E0417E2C04CB66002F42EF = {
						CreatedOnToolsVersion = 15.2;
					};
					96E041942C04CC4C002F42EF = {
						CreatedOnToolsVersion = 15.2;
					};
				};
			};
			buildConfigurationList = 96E0417A2C04CB66002F42EF /* Build configuration list for PBXProject "TestES" */;
			compatibilityVersion = "Xcode 14.0";
			developmentRegion = en;
			hasScannedForEncodings = 0;
			knownRegions = (
				en,
				Base,
			);
			mainGroup = 96E041762C04CB66002F42EF;
			productRefGroup = 96E041802C04CB66002F42EF /* Products */;
			projectDirPath = "";
			projectRoot = "";
			targets = (
				96E0417E2C04CB66002F42EF /* TestES */,
				96E041942C04CC4C002F42EF /* Extension */,
			);
		};
/* End PBXProject section */

/* Begin PBXResourcesBuildPhase section */
		96E0417D2C04CB66002F42EF /* Resources */ = {
			isa = PBXResourcesBuildPhase;
			buildActionMask = 2147483647;
			files = (
				96E0418A2C04CB67002F42EF /* Preview Assets.xcassets in Resources */,
				96E041872C04CB67002F42EF /* Assets.xcassets in Resources */,
			);
			runOnlyForDeploymentPostprocessing = 0;
		};
		96E041932C04CC4C002F42EF /* Resources */ = {
			isa = PBXResourcesBuildPhase;
			buildActionMask = 2147483647;
			files = (
				96E041B42C09CA1A002F42EF /* Info.plist in Resources */,
			);
			runOnlyForDeploymentPostprocessing = 0;
		};
/* End PBXResourcesBuildPhase section */

/* Begin PBXSourcesBuildPhase section */
		96E0417B2C04CB66002F42EF /* Sources */ = {
			isa = PBXSourcesBuildPhase;
			buildActionMask = 2147483647;
			files = (
				96E041AF2C064034002F42EF /* IPCServiceProtocol.swift in Sources */,
				96E041AC2C06361C002F42EF /* Logger.swift in Sources */,
				96E041852C04CB66002F42EF /* ContentView.swift in Sources */,
				96E041A82C0632A6002F42EF /* IPCClient.swift in Sources */,
				96E041832C04CB66002F42EF /* TestESApp.swift in Sources */,
			);
			runOnlyForDeploymentPostprocessing = 0;
		};
		96E041912C04CC4C002F42EF /* Sources */ = {
			isa = PBXSourcesBuildPhase;
			buildActionMask = 2147483647;
			files = (
				96E041A62C062B6E002F42EF /* IPC.swift in Sources */,
				96E041AD2C06361C002F42EF /* Logger.swift in Sources */,
				96E041B02C064034002F42EF /* IPCServiceProtocol.swift in Sources */,
				96E0419B2C04CC4C002F42EF /* main.swift in Sources */,
			);
			runOnlyForDeploymentPostprocessing = 0;
		};
/* End PBXSourcesBuildPhase section */

/* Begin PBXTargetDependency section */
		96E0419F2C04CC4C002F42EF /* PBXTargetDependency */ = {
			isa = PBXTargetDependency;
			target = 96E041942C04CC4C002F42EF /* Extension */;
			targetProxy = 96E0419E2C04CC4C002F42EF /* PBXContainerItemProxy */;
		};
/* End PBXTargetDependency section */

/* Begin XCBuildConfiguration section */
		96E0418C2C04CB67002F42EF /* Debug */ = {
			isa = XCBuildConfiguration;
			buildSettings = {
				ALWAYS_SEARCH_USER_PATHS = NO;
				ASSETCATALOG_COMPILER_GENERATE_SWIFT_ASSET_SYMBOL_EXTENSIONS = YES;
				CLANG_ANALYZER_NONNULL = YES;
				CLANG_ANALYZER_NUMBER_OBJECT_CONVERSION = YES_AGGRESSIVE;
				CLANG_CXX_LANGUAGE_STANDARD = "gnu++20";
				CLANG_ENABLE_MODULES = YES;
				CLANG_ENABLE_OBJC_ARC = YES;
				CLANG_ENABLE_OBJC_WEAK = YES;
				CLANG_WARN_BLOCK_CAPTURE_AUTORELEASING = YES;
				CLANG_WARN_BOOL_CONVERSION = YES;
				CLANG_WARN_COMMA = YES;
				CLANG_WARN_CONSTANT_CONVERSION = YES;
				CLANG_WARN_DEPRECATED_OBJC_IMPLEMENTATIONS = YES;
				CLANG_WARN_DIRECT_OBJC_ISA_USAGE = YES_ERROR;
				CLANG_WARN_DOCUMENTATION_COMMENTS = YES;
				CLANG_WARN_EMPTY_BODY = YES;
				CLANG_WARN_ENUM_CONVERSION = YES;
				CLANG_WARN_INFINITE_RECURSION = YES;
				CLANG_WARN_INT_CONVERSION = YES;
				CLANG_WARN_NON_LITERAL_NULL_CONVERSION = YES;
				CLANG_WARN_OBJC_IMPLICIT_RETAIN_SELF = YES;
				CLANG_WARN_OBJC_LITERAL_CONVERSION = YES;
				CLANG_WARN_OBJC_ROOT_CLASS = YES_ERROR;
				CLANG_WARN_QUOTED_INCLUDE_IN_FRAMEWORK_HEADER = YES;
				CLANG_WARN_RANGE_LOOP_ANALYSIS = YES;
				CLANG_WARN_STRICT_PROTOTYPES = YES;
				CLANG_WARN_SUSPICIOUS_MOVE = YES;
				CLANG_WARN_UNGUARDED_AVAILABILITY = YES_AGGRESSIVE;
				CLANG_WARN_UNREACHABLE_CODE = YES;
				CLANG_WARN__DUPLICATE_METHOD_MATCH = YES;
				COPY_PHASE_STRIP = NO;
				DEBUG_INFORMATION_FORMAT = dwarf;
				ENABLE_STRICT_OBJC_MSGSEND = YES;
				ENABLE_TESTABILITY = YES;
				ENABLE_USER_SCRIPT_SANDBOXING = YES;
				GCC_C_LANGUAGE_STANDARD = gnu17;
				GCC_DYNAMIC_NO_PIC = NO;
				GCC_NO_COMMON_BLOCKS = YES;
				GCC_OPTIMIZATION_LEVEL = 0;
				GCC_PREPROCESSOR_DEFINITIONS = (
					"DEBUG=1",
					"$(inherited)",
				);
				GCC_WARN_64_TO_32_BIT_CONVERSION = YES;
				GCC_WARN_ABOUT_RETURN_TYPE = YES_ERROR;
				GCC_WARN_UNDECLARED_SELECTOR = YES;
				GCC_WARN_UNINITIALIZED_AUTOS = YES_AGGRESSIVE;
				GCC_WARN_UNUSED_FUNCTION = YES;
				GCC_WARN_UNUSED_VARIABLE = YES;
				LOCALIZATION_PREFERS_STRING_CATALOGS = YES;
				MACOSX_DEPLOYMENT_TARGET = 14.2;
				MTL_ENABLE_DEBUG_INFO = INCLUDE_SOURCE;
				MTL_FAST_MATH = YES;
				ONLY_ACTIVE_ARCH = YES;
				SDKROOT = macosx;
				SWIFT_ACTIVE_COMPILATION_CONDITIONS = "DEBUG $(inherited)";
				SWIFT_OPTIMIZATION_LEVEL = "-Onone";
			};
			name = Debug;
		};
		96E0418D2C04CB67002F42EF /* Release */ = {
			isa = XCBuildConfiguration;
			buildSettings = {
				ALWAYS_SEARCH_USER_PATHS = NO;
				ASSETCATALOG_COMPILER_GENERATE_SWIFT_ASSET_SYMBOL_EXTENSIONS = YES;
				CLANG_ANALYZER_NONNULL = YES;
				CLANG_ANALYZER_NUMBER_OBJECT_CONVERSION = YES_AGGRESSIVE;
				CLANG_CXX_LANGUAGE_STANDARD = "gnu++20";
				CLANG_ENABLE_MODULES = YES;
				CLANG_ENABLE_OBJC_ARC = YES;
				CLANG_ENABLE_OBJC_WEAK = YES;
				CLANG_WARN_BLOCK_CAPTURE_AUTORELEASING = YES;
				CLANG_WARN_BOOL_CONVERSION = YES;
				CLANG_WARN_COMMA = YES;
				CLANG_WARN_CONSTANT_CONVERSION = YES;
				CLANG_WARN_DEPRECATED_OBJC_IMPLEMENTATIONS = YES;
				CLANG_WARN_DIRECT_OBJC_ISA_USAGE = YES_ERROR;
				CLANG_WARN_DOCUMENTATION_COMMENTS = YES;
				CLANG_WARN_EMPTY_BODY = YES;
				CLANG_WARN_ENUM_CONVERSION = YES;
				CLANG_WARN_INFINITE_RECURSION = YES;
				CLANG_WARN_INT_CONVERSION = YES;
				CLANG_WARN_NON_LITERAL_NULL_CONVERSION = YES;
				CLANG_WARN_OBJC_IMPLICIT_RETAIN_SELF = YES;
				CLANG_WARN_OBJC_LITERAL_CONVERSION = YES;
				CLANG_WARN_OBJC_ROOT_CLASS = YES_ERROR;
				CLANG_WARN_QUOTED_INCLUDE_IN_FRAMEWORK_HEADER = YES;
				CLANG_WARN_RANGE_LOOP_ANALYSIS = YES;
				CLANG_WARN_STRICT_PROTOTYPES = YES;
				CLANG_WARN_SUSPICIOUS_MOVE = YES;
				CLANG_WARN_UNGUARDED_AVAILABILITY = YES_AGGRESSIVE;
				CLANG_WARN_UNREACHABLE_CODE = YES;
				CLANG_WARN__DUPLICATE_METHOD_MATCH = YES;
				COPY_PHASE_STRIP = NO;
				DEBUG_INFORMATION_FORMAT = "dwarf-with-dsym";
				ENABLE_NS_ASSERTIONS = NO;
				ENABLE_STRICT_OBJC_MSGSEND = YES;
				ENABLE_USER_SCRIPT_SANDBOXING = YES;
				GCC_C_LANGUAGE_STANDARD = gnu17;
				GCC_NO_COMMON_BLOCKS = YES;
				GCC_WARN_64_TO_32_BIT_CONVERSION = YES;
				GCC_WARN_ABOUT_RETURN_TYPE = YES_ERROR;
				GCC_WARN_UNDECLARED_SELECTOR = YES;
				GCC_WARN_UNINITIALIZED_AUTOS = YES_AGGRESSIVE;
				GCC_WARN_UNUSED_FUNCTION = YES;
				GCC_WARN_UNUSED_VARIABLE = YES;
				LOCALIZATION_PREFERS_STRING_CATALOGS = YES;
				MACOSX_DEPLOYMENT_TARGET = 14.2;
				MTL_ENABLE_DEBUG_INFO = NO;
				MTL_FAST_MATH = YES;
				SDKROOT = macosx;
				SWIFT_COMPILATION_MODE = wholemodule;
			};
			name = Release;
		};
		96E0418F2C04CB67002F42EF /* Debug */ = {
			isa = XCBuildConfiguration;
			buildSettings = {
				ALWAYS_EMBED_SWIFT_STANDARD_LIBRARIES = YES;
				ASSETCATALOG_COMPILER_APPICON_NAME = AppIcon;
				ASSETCATALOG_COMPILER_GLOBAL_ACCENT_COLOR_NAME = AccentColor;
				CODE_SIGN_ENTITLEMENTS = TestES/TestES.entitlements;
				CODE_SIGN_IDENTITY = "Apple Development";
				"CODE_SIGN_IDENTITY[sdk=macosx*]" = "-";
				CODE_SIGN_STYLE = Automatic;
				COMBINE_HIDPI_IMAGES = YES;
				CURRENT_PROJECT_VERSION = 1;
				DEVELOPMENT_ASSET_PATHS = "\"TestES/Preview Content\"";
				DEVELOPMENT_TEAM = "";
				ENABLE_HARDENED_RUNTIME = YES;
				ENABLE_PREVIEWS = YES;
				GENERATE_INFOPLIST_FILE = YES;
				INFOPLIST_KEY_NSHumanReadableCopyright = "";
				LD_RUNPATH_SEARCH_PATHS = (
					"$(inherited)",
					"@executable_path/../Frameworks",
				);
				MARKETING_VERSION = 1.0;
				PRODUCT_BUNDLE_IDENTIFIER = com.tonygo.TestES;
				PRODUCT_NAME = "$(TARGET_NAME)";
				PROVISIONING_PROFILE_SPECIFIER = "";
				SWIFT_EMIT_LOC_STRINGS = YES;
				SWIFT_VERSION = 5.0;
			};
			name = Debug;
		};
		96E041902C04CB67002F42EF /* Release */ = {
			isa = XCBuildConfiguration;
			buildSettings = {
				ALWAYS_EMBED_SWIFT_STANDARD_LIBRARIES = YES;
				ASSETCATALOG_COMPILER_APPICON_NAME = AppIcon;
				ASSETCATALOG_COMPILER_GLOBAL_ACCENT_COLOR_NAME = AccentColor;
				CODE_SIGN_ENTITLEMENTS = TestES/TestES.entitlements;
				CODE_SIGN_IDENTITY = "Apple Development";
				"CODE_SIGN_IDENTITY[sdk=macosx*]" = "-";
				CODE_SIGN_STYLE = Automatic;
				COMBINE_HIDPI_IMAGES = YES;
				CURRENT_PROJECT_VERSION = 1;
				DEVELOPMENT_ASSET_PATHS = "\"TestES/Preview Content\"";
				DEVELOPMENT_TEAM = "";
				ENABLE_HARDENED_RUNTIME = YES;
				ENABLE_PREVIEWS = YES;
				GENERATE_INFOPLIST_FILE = YES;
				INFOPLIST_KEY_NSHumanReadableCopyright = "";
				LD_RUNPATH_SEARCH_PATHS = (
					"$(inherited)",
					"@executable_path/../Frameworks",
				);
				MARKETING_VERSION = 1.0;
				PRODUCT_BUNDLE_IDENTIFIER = com.tonygo.TestES;
				PRODUCT_NAME = "$(TARGET_NAME)";
				PROVISIONING_PROFILE_SPECIFIER = "";
				SWIFT_EMIT_LOC_STRINGS = YES;
				SWIFT_VERSION = 5.0;
			};
			name = Release;
		};
		96E041A22C04CC4C002F42EF /* Debug */ = {
			isa = XCBuildConfiguration;
			buildSettings = {
				CODE_SIGN_ENTITLEMENTS = Extension/Extension.entitlements;
				CODE_SIGN_IDENTITY = "Apple Development";
				"CODE_SIGN_IDENTITY[sdk=macosx*]" = "-";
				CODE_SIGN_STYLE = Automatic;
				CURRENT_PROJECT_VERSION = 1;
				DEVELOPMENT_TEAM = "";
				ENABLE_HARDENED_RUNTIME = YES;
				GENERATE_INFOPLIST_FILE = YES;
				INFOPLIST_FILE = Extension/Info.plist;
				INFOPLIST_KEY_CFBundleDisplayName = Extension;
				INFOPLIST_KEY_NSHumanReadableCopyright = "";
				INFOPLIST_KEY_NSSystemExtensionUsageDescription = "Explore sysex";
				LD_RUNPATH_SEARCH_PATHS = (
					"$(inherited)",
					"@executable_path/../Frameworks",
					"@executable_path/../../../../Frameworks",
				);
				MARKETING_VERSION = 1.0;
				PRODUCT_BUNDLE_IDENTIFIER = com.tonygo.TestES.Extension;
				PRODUCT_NAME = "$(inherited)";
				SKIP_INSTALL = YES;
				SWIFT_EMIT_LOC_STRINGS = YES;
				SWIFT_VERSION = 5.0;
			};
			name = Debug;
		};
		96E041A32C04CC4C002F42EF /* Release */ = {
			isa = XCBuildConfiguration;
			buildSettings = {
				CODE_SIGN_ENTITLEMENTS = Extension/Extension.entitlements;
				CODE_SIGN_IDENTITY = "Apple Development";
				"CODE_SIGN_IDENTITY[sdk=macosx*]" = "-";
				CODE_SIGN_STYLE = Automatic;
				CURRENT_PROJECT_VERSION = 1;
				DEVELOPMENT_TEAM = "";
				ENABLE_HARDENED_RUNTIME = YES;
				GENERATE_INFOPLIST_FILE = YES;
				INFOPLIST_FILE = Extension/Info.plist;
				INFOPLIST_KEY_CFBundleDisplayName = Extension;
				INFOPLIST_KEY_NSHumanReadableCopyright = "";
				INFOPLIST_KEY_NSSystemExtensionUsageDescription = "Explore sysex";
				LD_RUNPATH_SEARCH_PATHS = (
					"$(inherited)",
					"@executable_path/../Frameworks",
					"@executable_path/../../../../Frameworks",
				);
				MARKETING_VERSION = 1.0;
				PRODUCT_BUNDLE_IDENTIFIER = com.tonygo.TestES.Extension;
				PRODUCT_NAME = "$(inherited)";
				SKIP_INSTALL = YES;
				SWIFT_EMIT_LOC_STRINGS = YES;
				SWIFT_VERSION = 5.0;
			};
			name = Release;
		};
/* End XCBuildConfiguration section */

/* Begin XCConfigurationList section */
		96E0417A2C04CB66002F42EF /* Build configuration list for PBXProject "TestES" */ = {
			isa = XCConfigurationList;
			buildConfigurations = (
				96E0418C2C04CB67002F42EF /* Debug */,
				96E0418D2C04CB67002F42EF /* Release */,
			);
			defaultConfigurationIsVisible = 0;
			defaultConfigurationName = Release;
		};
		96E0418E2C04CB67002F42EF /* Build configuration list for PBXNativeTarget "TestES" */ = {
			isa = XCConfigurationList;
			buildConfigurations = (
				96E0418F2C04CB67002F42EF /* Debug */,
				96E041902C04CB67002F42EF /* Release */,
			);
			defaultConfigurationIsVisible = 0;
			defaultConfigurationName = Release;
		};
		96E041A12C04CC4C002F42EF /* Build configuration list for PBXNativeTarget "Extension" */ = {
			isa = XCConfigurationList;
			buildConfigurations = (
				96E041A22C04CC4C002F42EF /* Debug */,
				96E041A32C04CC4C002F42EF /* Release */,
			);
			defaultConfigurationIsVisible = 0;
			defaultConfigurationName = Release;
		};
/* End XCConfigurationList section */
	};
	rootObject = 96E041772C04CB66002F42EF /* Project object */;
}
